<?xml version="1.0" encoding="utf-8"?>
<Project ToolsVersion="4.0" xmlns="http://schemas.microsoft.com/developer/msbuild/2003">
  <ItemGroup>
    <Filter Include="99.Headers">
      <UniqueIdentifier>{856b1be2-223c-4d7f-842b-915f70f7dc76}</UniqueIdentifier>
    </Filter>
    <Filter Include="00.System">
      <UniqueIdentifier>{3fab6289-f581-4d0a-b910-91f40fc78c3f}</UniqueIdentifier>
    </Filter>
    <Filter Include="01.Utility">
      <UniqueIdentifier>{be41a189-d939-493c-adb3-7cf1da76f1b7}</UniqueIdentifier>
    </Filter>
    <Filter Include="00.System\Device">
      <UniqueIdentifier>{8c02edf9-6950-4866-8670-23df624f231f}</UniqueIdentifier>
    </Filter>
    <Filter Include="00.System\Device\Graphic">
      <UniqueIdentifier>{e5a6a90c-7c90-4394-b6ae-9893145ebdb8}</UniqueIdentifier>
    </Filter>
    <Filter Include="00.System\Device\Input">
      <UniqueIdentifier>{533a9ae7-a7fe-46c7-8667-19eec79b1cd4}</UniqueIdentifier>
    </Filter>
    <Filter Include="00.System\Device\Sound">
      <UniqueIdentifier>{3de8b3f4-c314-4e19-96a6-680f80e60619}</UniqueIdentifier>
    </Filter>
    <Filter Include="01.Utility\99.SuperClass">
      <UniqueIdentifier>{8e5fec30-e5da-4136-afc0-5d402df89a1b}</UniqueIdentifier>
    </Filter>
    <Filter Include="01.Utility\99.SuperClass\Base">
      <UniqueIdentifier>{5679a66e-ad08-47dc-be8e-4edc8791d7f9}</UniqueIdentifier>
    </Filter>
    <Filter Include="01.Utility\00.GameInstance">
      <UniqueIdentifier>{74d2ab92-7c9f-482c-83b7-dc762fdd3bc8}</UniqueIdentifier>
    </Filter>
    <Filter Include="01.Utility\01.Levels">
      <UniqueIdentifier>{1bf2ad12-0d15-436f-aebe-0230fb243843}</UniqueIdentifier>
    </Filter>
    <Filter Include="01.Utility\01.Levels\Manager">
      <UniqueIdentifier>{0a363008-4209-4529-b7f7-6497bae3ebdf}</UniqueIdentifier>
    </Filter>
    <Filter Include="01.Utility\02.GameObject">
      <UniqueIdentifier>{f6e51264-8528-49f4-895e-357f3053cbc6}</UniqueIdentifier>
    </Filter>
    <Filter Include="01.Utility\02.GameObject\Manager">
      <UniqueIdentifier>{23b03772-4343-4197-8c60-694c91e836f0}</UniqueIdentifier>
    </Filter>
    <Filter Include="01.Utility\02.GameObject\Manager\Layer">
      <UniqueIdentifier>{8a3a2b5f-200c-40a0-b1e7-cd3c3400dd0e}</UniqueIdentifier>
    </Filter>
    <Filter Include="01.Utility\03.Components">
      <UniqueIdentifier>{7a250bc6-4593-4a9d-b563-84d152f89dd8}</UniqueIdentifier>
    </Filter>
    <Filter Include="01.Utility\03.Components\Manager">
      <UniqueIdentifier>{6b2c4878-0377-41fa-aa3d-e41e67577b24}</UniqueIdentifier>
    </Filter>
    <Filter Include="01.Utility\03.Components\Renderer">
      <UniqueIdentifier>{ab7714b5-eee9-4739-98c1-a11b37af4394}</UniqueIdentifier>
    </Filter>
    <Filter Include="01.Utility\03.Components\Transform">
      <UniqueIdentifier>{d8ef1803-a443-4f93-b4c6-d4d04ebc8364}</UniqueIdentifier>
    </Filter>
    <Filter Include="01.Utility\04.Camera">
      <UniqueIdentifier>{effb7ba8-7975-4683-a384-c19c1096da15}</UniqueIdentifier>
    </Filter>
    <Filter Include="01.Utility\04.Camera\Manager">
      <UniqueIdentifier>{0205ee62-7e57-4bae-b876-2e3f65442f37}</UniqueIdentifier>
    </Filter>
  </ItemGroup>
  <ItemGroup>
    <ClInclude Include="..\Public\Base.h">
      <Filter>01.Utility\99.SuperClass\Base</Filter>
    </ClInclude>
    <ClInclude Include="..\Public\Engine_Defines.h">
      <Filter>99.Headers</Filter>
    </ClInclude>
    <ClInclude Include="..\Public\Engine_Function.h">
      <Filter>99.Headers</Filter>
    </ClInclude>
    <ClInclude Include="..\Public\Engine_Functor.h">
      <Filter>99.Headers</Filter>
    </ClInclude>
    <ClInclude Include="..\Public\Engine_Macro.h">
      <Filter>99.Headers</Filter>
    </ClInclude>
    <ClInclude Include="..\Public\Graphic_Device.h">
      <Filter>00.System\Device\Graphic</Filter>
    </ClInclude>
    <ClInclude Include="..\pUBLIC\Engine_Struct.h">
      <Filter>99.Headers</Filter>
    </ClInclude>
    <ClInclude Include="..\public\GameInstance.h">
      <Filter>01.Utility\00.GameInstance</Filter>
    </ClInclude>
    <ClInclude Include="..\Public\Level_Manager.h">
      <Filter>01.Utility\01.Levels\Manager</Filter>
    </ClInclude>
    <ClInclude Include="..\public\Level.h">
      <Filter>01.Utility\01.Levels</Filter>
    </ClInclude>
    <ClInclude Include="..\Public\Engine_Typedef.h">
      <Filter>99.Headers</Filter>
    </ClInclude>
    <ClInclude Include="..\public\GameObject.h">
      <Filter>01.Utility\02.GameObject</Filter>
    </ClInclude>
    <ClInclude Include="..\public\Object_Manager.h">
      <Filter>01.Utility\02.GameObject\Manager</Filter>
    </ClInclude>
    <ClInclude Include="..\public\Layer.h">
      <Filter>01.Utility\02.GameObject\Manager\Layer</Filter>
    </ClInclude>
    <ClInclude Include="..\public\Component.h">
      <Filter>01.Utility\03.Components</Filter>
    </ClInclude>
    <ClInclude Include="..\public\Component_Manager.h">
      <Filter>01.Utility\03.Components\Manager</Filter>
    </ClInclude>
    <ClInclude Include="..\public\Renderer.h">
      <Filter>01.Utility\03.Components\Renderer</Filter>
    </ClInclude>
    <ClInclude Include="..\Public\Transform.h">
      <Filter>01.Utility\03.Components\Transform</Filter>
    </ClInclude>
    <ClInclude Include="..\Public\Camera_Manager.h">
      <Filter>01.Utility\04.Camera\Manager</Filter>
    </ClInclude>
    <ClInclude Include="..\Public\Camera.h">
      <Filter>01.Utility\04.Camera</Filter>
    </ClInclude>
  </ItemGroup>
  <ItemGroup>
    <ClCompile Include="..\Private\Base.cpp">
      <Filter>01.Utility\99.SuperClass\Base</Filter>
    </ClCompile>
    <ClCompile Include="..\Private\Graphic_Device.cpp">
      <Filter>00.System\Device\Graphic</Filter>
    </ClCompile>
    <ClCompile Include="..\private\GameInstance.cpp">
      <Filter>01.Utility\00.GameInstance</Filter>
    </ClCompile>
    <ClCompile Include="..\private\Level_Manager.cpp">
      <Filter>01.Utility\01.Levels\Manager</Filter>
    </ClCompile>
    <ClCompile Include="..\private\Level.cpp">
      <Filter>01.Utility\01.Levels</Filter>
    </ClCompile>
    <ClCompile Include="..\private\GameObject.cpp">
      <Filter>01.Utility\02.GameObject</Filter>
    </ClCompile>
    <ClCompile Include="..\private\Object_Manager.cpp">
      <Filter>01.Utility\02.GameObject\Manager</Filter>
    </ClCompile>
    <ClCompile Include="..\PRIVATE\Layer.cpp">
      <Filter>01.Utility\02.GameObject\Manager\Layer</Filter>
    </ClCompile>
    <ClCompile Include="..\private\Component.cpp">
      <Filter>01.Utility\03.Components</Filter>
    </ClCompile>
    <ClCompile Include="..\private\Component_Manager.cpp">
      <Filter>01.Utility\03.Components\Manager</Filter>
    </ClCompile>
    <ClCompile Include="..\private\Renderer.cpp">
      <Filter>01.Utility\03.Components\Renderer</Filter>
    </ClCompile>
    <ClCompile Include="..\Private\Transform.cpp">
      <Filter>01.Utility\03.Components\Transform</Filter>
    </ClCompile>
    <ClCompile Include="..\Private\Camera_Manager.cpp">
      <Filter>01.Utility\04.Camera\Manager</Filter>
    </ClCompile>
    <ClCompile Include="..\Private\Camera.cpp">
      <Filter>01.Utility\04.Camera</Filter>
    </ClCompile>
  </ItemGroup>
</Project>